
Microsoft Visual Studio Solution File, Format Version 12.00
# Visual Studio Version 17
VisualStudioVersion = 17.10.35027.167
MinimumVisualStudioVersion = 10.0.40219.1
Project("{2150E333-8FDC-42A3-9474-1A3956D46DE8}") = "SingletonDesignPattern", "SingletonDesignPattern", "{0BE7129D-8C4D-4CBA-A704-D28D731ACCF9}"
EndProject
Project("{FAE04EC0-301F-11D3-BF4B-00C04F79EFBC}") = "CreationalDesignPatterns.SingletonDesignPattern.Example1", "CreationalDesignPatterns\SingletonDesignPattern\CreationalDesignPatterns.SingletonDesignPattern.Example1\CreationalDesignPatterns.SingletonDesignPattern.Example1.csproj", "{AE1EDFDF-F4EA-4397-B854-9F6E9C7F9559}"
EndProject
Global
	GlobalSection(SolutionConfigurationPlatforms) = preSolution
		Debug|Any CPU = Debug|Any CPU
		Release|Any CPU = Release|Any CPU
	EndGlobalSection
	GlobalSection(ProjectConfigurationPlatforms) = postSolution
		{AE1EDFDF-F4EA-4397-B854-9F6E9C7F9559}.Debug|Any CPU.ActiveCfg = Debug|Any CPU
		{AE1EDFDF-F4EA-4397-B854-9F6E9C7F9559}.Debug|Any CPU.Build.0 = Debug|Any CPU
		{AE1EDFDF-F4EA-4397-B854-9F6E9C7F9559}.Release|Any CPU.ActiveCfg = Release|Any CPU
		{AE1EDFDF-F4EA-4397-B854-9F6E9C7F9559}.Release|Any CPU.Build.0 = Release|Any CPU
	EndGlobalSection
	GlobalSection(SolutionProperties) = preSolution
		HideSolutionNode = FALSE
	EndGlobalSection
	GlobalSection(NestedProjects) = preSolution
		{AE1EDFDF-F4EA-4397-B854-9F6E9C7F9559} = {0BE7129D-8C4D-4CBA-A704-D28D731ACCF9}
	EndGlobalSection
	GlobalSection(ExtensibilityGlobals) = postSolution
		SolutionGuid = {DF793A51-C238-47B2-81BA-538E0419D11E}
	EndGlobalSection
EndGlobal
