
Microsoft Visual Studio Solution File, Format Version 12.00
# Visual Studio Version 17
VisualStudioVersion = 17.10.35027.167
MinimumVisualStudioVersion = 10.0.40219.1
Project("{2150E333-8FDC-42A3-9474-1A3956D46DE8}") = "SingletonDesingPattern", "SingletonDesingPattern", "{C093A777-E53C-4860-8F0C-5C899B801D1D}"
EndProject
Project("{FAE04EC0-301F-11D3-BF4B-00C04F79EFBC}") = "CreationalDesignPatterns.SingletonDesignPattern.Example1", "SingletonDesignPattern\CreationalDesignPatterns.SingletonDesignPattern.Example1\CreationalDesignPatterns.SingletonDesignPattern.Example1.csproj", "{4EC62B4E-6741-41CC-879F-08BBD4B41739}"
EndProject
Global
	GlobalSection(SolutionConfigurationPlatforms) = preSolution
		Debug|Any CPU = Debug|Any CPU
		Release|Any CPU = Release|Any CPU
	EndGlobalSection
	GlobalSection(ProjectConfigurationPlatforms) = postSolution
		{4EC62B4E-6741-41CC-879F-08BBD4B41739}.Debug|Any CPU.ActiveCfg = Debug|Any CPU
		{4EC62B4E-6741-41CC-879F-08BBD4B41739}.Debug|Any CPU.Build.0 = Debug|Any CPU
		{4EC62B4E-6741-41CC-879F-08BBD4B41739}.Release|Any CPU.ActiveCfg = Release|Any CPU
		{4EC62B4E-6741-41CC-879F-08BBD4B41739}.Release|Any CPU.Build.0 = Release|Any CPU
	EndGlobalSection
	GlobalSection(SolutionProperties) = preSolution
		HideSolutionNode = FALSE
	EndGlobalSection
	GlobalSection(NestedProjects) = preSolution
		{4EC62B4E-6741-41CC-879F-08BBD4B41739} = {C093A777-E53C-4860-8F0C-5C899B801D1D}
	EndGlobalSection
	GlobalSection(ExtensibilityGlobals) = postSolution
		SolutionGuid = {DF793A51-C238-47B2-81BA-538E0419D11E}
	EndGlobalSection
EndGlobal
