
Microsoft Visual Studio Solution File, Format Version 12.00
# Visual Studio Version 17
VisualStudioVersion = 17.10.35027.167
MinimumVisualStudioVersion = 10.0.40219.1
Project("{2150E333-8FDC-42A3-9474-1A3956D46DE8}") = "SingletonDesingPattern", "SingletonDesingPattern", "{C093A777-E53C-4860-8F0C-5C899B801D1D}"
EndProject
Project("{9A19103F-16F7-4668-BE54-9A1E7A4F7556}") = "CreationalDesignPatterns.SingletonDesignPattern.Example1", "SingletonDesignPattern\CreationalDesignPatterns.SingletonDesignPattern.Example1\CreationalDesignPatterns.SingletonDesignPattern.Example1.csproj", "{4EC62B4E-6741-41CC-879F-08BBD4B41739}"
EndProject
Project("{9A19103F-16F7-4668-BE54-9A1E7A4F7556}") = "CreationalDesignPatterns.SingletonDesignPattern.Example2", "SingletonDesignPattern\CreationalDesignPatterns.SingletonDesignPattern.Example2\CreationalDesignPatterns.SingletonDesignPattern.Example2.csproj", "{CD188EC2-E164-46D3-9BC1-FB927C1D2FA1}"
EndProject
Project("{9A19103F-16F7-4668-BE54-9A1E7A4F7556}") = "CreationalDesignPatterns.SingletonDesignPattern.Example3", "SingletonDesignPattern\CreationalDesignPatterns.SingletonDesignPattern.Example3\CreationalDesignPatterns.SingletonDesignPattern.Example3.csproj", "{8B5F3F31-D308-4070-85F5-B1E214003F47}"
EndProject
Project("{2150E333-8FDC-42A3-9474-1A3956D46DE8}") = "MultitonDesignPattern", "MultitonDesignPattern", "{0671547A-A799-4980-B236-4919C14F0979}"
EndProject
Project("{9A19103F-16F7-4668-BE54-9A1E7A4F7556}") = "CreationalDesignPatterns.MultitonDesignPattern", "MultitonDesignPattern\CreationalDesignPatterns.MultitonDesignPattern\CreationalDesignPatterns.MultitonDesignPattern.csproj", "{79B8B98C-7D4F-41AE-A47C-55BC0F755AA0}"
EndProject
Project("{2150E333-8FDC-42A3-9474-1A3956D46DE8}") = "FactoryMethodDesignPattern", "FactoryMethodDesignPattern", "{6A4A7981-5B33-44E5-A2E9-B6399B951121}"
EndProject
Project("{9A19103F-16F7-4668-BE54-9A1E7A4F7556}") = "CreationalDesignPatterns.FactoryMethodDesignPattern.Example1", "FactoryMethodDesignPattern\CreationalDesignPatterns.FactoryMethodDesignPattern.Example1\CreationalDesignPatterns.FactoryMethodDesignPattern.Example1.csproj", "{D307342F-A5FF-407A-A6BF-934929F76D57}"
EndProject
Project("{9A19103F-16F7-4668-BE54-9A1E7A4F7556}") = "CreationalDesignPatterns.FactoryMethodDesignPattern.Example2", "FactoryMethodDesignPattern\CreationalDesignPatterns.FactoryMethodDesignPattern.Example2\CreationalDesignPatterns.FactoryMethodDesignPattern.Example2.csproj", "{4A780950-96FB-4766-89C1-F06272696AE2}"
EndProject
Project("{9A19103F-16F7-4668-BE54-9A1E7A4F7556}") = "CreationalDesignPatterns.FactoryMethodDesignPattern.Example3", "FactoryMethodDesignPattern\CreationalDesignPatterns.FactoryMethodDesignPattern.Example3\CreationalDesignPatterns.FactoryMethodDesignPattern.Example3.csproj", "{747D2C58-D3C4-4389-B2C6-86791E0CABA9}"
EndProject
Project("{9A19103F-16F7-4668-BE54-9A1E7A4F7556}") = "CreationalDesignPatterns.FactoryMethodDesignPattern.Example4", "FactoryMethodDesignPattern\CreationalDesignPatterns.FactoryMethodDesignPattern.Example4\CreationalDesignPatterns.FactoryMethodDesignPattern.Example4.csproj", "{C4851099-E634-4371-8FFE-BE945C0D7A7C}"
EndProject
Project("{9A19103F-16F7-4668-BE54-9A1E7A4F7556}") = "CreationalDesignPatterns.FactoryMethodDesignPattern.Example5", "FactoryMethodDesignPattern\CreationalDesignPatterns.FactoryMethodDesignPattern.Example5\CreationalDesignPatterns.FactoryMethodDesignPattern.Example5.csproj", "{8DA4F9B5-AB73-4F1D-832C-E3F178601724}"
EndProject
Project("{2150E333-8FDC-42A3-9474-1A3956D46DE8}") = "AbstractFactoryDesignPattern", "AbstractFactoryDesignPattern", "{2A58A1DF-DF54-41F4-84DA-7F4467B49109}"
EndProject
Project("{9A19103F-16F7-4668-BE54-9A1E7A4F7556}") = "CreationalDesignPatterns.AbstractFactoryDesignPattern.Example1", "AbstractFactoryDesignPattern\CreationalDesignPatterns.AbstractFactoryDesignPattern.Example1\CreationalDesignPatterns.AbstractFactoryDesignPattern.Example1.csproj", "{A9E310C9-5740-4E19-A8D8-14796898FA71}"
EndProject
Project("{9A19103F-16F7-4668-BE54-9A1E7A4F7556}") = "CreationalDesignPatterns.AbstractFactoryDesignPattern.Example2", "AbstractFactoryDesignPattern\CreationalDesignPatterns.AbstractFactoryDesignPattern.Example2\CreationalDesignPatterns.AbstractFactoryDesignPattern.Example2.csproj", "{15B17C6C-F25E-4BAD-9C27-5F5D5DDFE415}"
EndProject
Project("{9A19103F-16F7-4668-BE54-9A1E7A4F7556}") = "CreationalDesignPatterns.AbstractFactoryDesignPattern.Example3", "AbstractFactoryDesignPattern\CreationalDesignPatterns.AbstractFactoryDesignPattern.Example3\CreationalDesignPatterns.AbstractFactoryDesignPattern.Example3.csproj", "{4061C85A-A77D-44DD-9B97-BAFCD742FDC3}"
EndProject
Project("{2150E333-8FDC-42A3-9474-1A3956D46DE8}") = "PrototypeDesignPattern", "PrototypeDesignPattern", "{275A9B44-0677-4B20-A3FB-2A511156AD48}"
EndProject
Project("{9A19103F-16F7-4668-BE54-9A1E7A4F7556}") = "CreationalDesignPatterns.PrototypeDesignPattern.Example1", "PrototypeDesignPattern\CreationalDesignPatterns.PrototypeDesignPattern.Example1\CreationalDesignPatterns.PrototypeDesignPattern.Example1.csproj", "{5DF28A0B-8A57-4027-B597-0814B42823D7}"
EndProject
Project("{9A19103F-16F7-4668-BE54-9A1E7A4F7556}") = "CreationalDesignPatterns.PrototypeDesignPattern.Example2", "PrototypeDesignPattern\CreationalDesignPatterns.PrototypeDesignPattern.Example2\CreationalDesignPatterns.PrototypeDesignPattern.Example2.csproj", "{C48999E0-4D94-43F2-B87D-88D4B71F52F8}"
EndProject
Project("{2150E333-8FDC-42A3-9474-1A3956D46DE8}") = "ObjectPoolDesignPattern", "ObjectPoolDesignPattern", "{A2E276A7-5D1A-40A1-AB19-D929A7D2E7B1}"
EndProject
Project("{FAE04EC0-301F-11D3-BF4B-00C04F79EFBC}") = "CreationalDesignPatterns.ObjectPoolDesignPattern.Example1", "ObjectPoolDesignPattern\CreationalDesignPatterns.ObjectPoolDesignPattern.Example1\CreationalDesignPatterns.ObjectPoolDesignPattern.Example1.csproj", "{EA35320F-DB1F-4B2F-BC56-2355F6927639}"
EndProject
Project("{FAE04EC0-301F-11D3-BF4B-00C04F79EFBC}") = "CreationalDesignPatterns.ObjectPoolDesignPattern.Example2", "ObjectPoolDesignPattern\CreationalDesignPatterns.ObjectPoolDesignPattern.Example2\CreationalDesignPatterns.ObjectPoolDesignPattern.Example2.csproj", "{8EEA1F6B-FE87-41F7-915F-1E49221948BD}"
EndProject
Global
	GlobalSection(SolutionConfigurationPlatforms) = preSolution
		Debug|Any CPU = Debug|Any CPU
		Release|Any CPU = Release|Any CPU
	EndGlobalSection
	GlobalSection(ProjectConfigurationPlatforms) = postSolution
		{4EC62B4E-6741-41CC-879F-08BBD4B41739}.Debug|Any CPU.ActiveCfg = Debug|Any CPU
		{4EC62B4E-6741-41CC-879F-08BBD4B41739}.Debug|Any CPU.Build.0 = Debug|Any CPU
		{4EC62B4E-6741-41CC-879F-08BBD4B41739}.Release|Any CPU.ActiveCfg = Release|Any CPU
		{4EC62B4E-6741-41CC-879F-08BBD4B41739}.Release|Any CPU.Build.0 = Release|Any CPU
		{CD188EC2-E164-46D3-9BC1-FB927C1D2FA1}.Debug|Any CPU.ActiveCfg = Debug|Any CPU
		{CD188EC2-E164-46D3-9BC1-FB927C1D2FA1}.Debug|Any CPU.Build.0 = Debug|Any CPU
		{CD188EC2-E164-46D3-9BC1-FB927C1D2FA1}.Release|Any CPU.ActiveCfg = Release|Any CPU
		{CD188EC2-E164-46D3-9BC1-FB927C1D2FA1}.Release|Any CPU.Build.0 = Release|Any CPU
		{8B5F3F31-D308-4070-85F5-B1E214003F47}.Debug|Any CPU.ActiveCfg = Debug|Any CPU
		{8B5F3F31-D308-4070-85F5-B1E214003F47}.Debug|Any CPU.Build.0 = Debug|Any CPU
		{8B5F3F31-D308-4070-85F5-B1E214003F47}.Release|Any CPU.ActiveCfg = Release|Any CPU
		{8B5F3F31-D308-4070-85F5-B1E214003F47}.Release|Any CPU.Build.0 = Release|Any CPU
		{79B8B98C-7D4F-41AE-A47C-55BC0F755AA0}.Debug|Any CPU.ActiveCfg = Debug|Any CPU
		{79B8B98C-7D4F-41AE-A47C-55BC0F755AA0}.Debug|Any CPU.Build.0 = Debug|Any CPU
		{79B8B98C-7D4F-41AE-A47C-55BC0F755AA0}.Release|Any CPU.ActiveCfg = Release|Any CPU
		{79B8B98C-7D4F-41AE-A47C-55BC0F755AA0}.Release|Any CPU.Build.0 = Release|Any CPU
		{D307342F-A5FF-407A-A6BF-934929F76D57}.Debug|Any CPU.ActiveCfg = Debug|Any CPU
		{D307342F-A5FF-407A-A6BF-934929F76D57}.Debug|Any CPU.Build.0 = Debug|Any CPU
		{D307342F-A5FF-407A-A6BF-934929F76D57}.Release|Any CPU.ActiveCfg = Release|Any CPU
		{D307342F-A5FF-407A-A6BF-934929F76D57}.Release|Any CPU.Build.0 = Release|Any CPU
		{4A780950-96FB-4766-89C1-F06272696AE2}.Debug|Any CPU.ActiveCfg = Debug|Any CPU
		{4A780950-96FB-4766-89C1-F06272696AE2}.Debug|Any CPU.Build.0 = Debug|Any CPU
		{4A780950-96FB-4766-89C1-F06272696AE2}.Release|Any CPU.ActiveCfg = Release|Any CPU
		{4A780950-96FB-4766-89C1-F06272696AE2}.Release|Any CPU.Build.0 = Release|Any CPU
		{747D2C58-D3C4-4389-B2C6-86791E0CABA9}.Debug|Any CPU.ActiveCfg = Debug|Any CPU
		{747D2C58-D3C4-4389-B2C6-86791E0CABA9}.Debug|Any CPU.Build.0 = Debug|Any CPU
		{747D2C58-D3C4-4389-B2C6-86791E0CABA9}.Release|Any CPU.ActiveCfg = Release|Any CPU
		{747D2C58-D3C4-4389-B2C6-86791E0CABA9}.Release|Any CPU.Build.0 = Release|Any CPU
		{C4851099-E634-4371-8FFE-BE945C0D7A7C}.Debug|Any CPU.ActiveCfg = Debug|Any CPU
		{C4851099-E634-4371-8FFE-BE945C0D7A7C}.Debug|Any CPU.Build.0 = Debug|Any CPU
		{C4851099-E634-4371-8FFE-BE945C0D7A7C}.Release|Any CPU.ActiveCfg = Release|Any CPU
		{C4851099-E634-4371-8FFE-BE945C0D7A7C}.Release|Any CPU.Build.0 = Release|Any CPU
		{8DA4F9B5-AB73-4F1D-832C-E3F178601724}.Debug|Any CPU.ActiveCfg = Debug|Any CPU
		{8DA4F9B5-AB73-4F1D-832C-E3F178601724}.Debug|Any CPU.Build.0 = Debug|Any CPU
		{8DA4F9B5-AB73-4F1D-832C-E3F178601724}.Release|Any CPU.ActiveCfg = Release|Any CPU
		{8DA4F9B5-AB73-4F1D-832C-E3F178601724}.Release|Any CPU.Build.0 = Release|Any CPU
		{A9E310C9-5740-4E19-A8D8-14796898FA71}.Debug|Any CPU.ActiveCfg = Debug|Any CPU
		{A9E310C9-5740-4E19-A8D8-14796898FA71}.Debug|Any CPU.Build.0 = Debug|Any CPU
		{A9E310C9-5740-4E19-A8D8-14796898FA71}.Release|Any CPU.ActiveCfg = Release|Any CPU
		{A9E310C9-5740-4E19-A8D8-14796898FA71}.Release|Any CPU.Build.0 = Release|Any CPU
		{15B17C6C-F25E-4BAD-9C27-5F5D5DDFE415}.Debug|Any CPU.ActiveCfg = Debug|Any CPU
		{15B17C6C-F25E-4BAD-9C27-5F5D5DDFE415}.Debug|Any CPU.Build.0 = Debug|Any CPU
		{15B17C6C-F25E-4BAD-9C27-5F5D5DDFE415}.Release|Any CPU.ActiveCfg = Release|Any CPU
		{15B17C6C-F25E-4BAD-9C27-5F5D5DDFE415}.Release|Any CPU.Build.0 = Release|Any CPU
		{4061C85A-A77D-44DD-9B97-BAFCD742FDC3}.Debug|Any CPU.ActiveCfg = Debug|Any CPU
		{4061C85A-A77D-44DD-9B97-BAFCD742FDC3}.Debug|Any CPU.Build.0 = Debug|Any CPU
		{4061C85A-A77D-44DD-9B97-BAFCD742FDC3}.Release|Any CPU.ActiveCfg = Release|Any CPU
		{4061C85A-A77D-44DD-9B97-BAFCD742FDC3}.Release|Any CPU.Build.0 = Release|Any CPU
		{5DF28A0B-8A57-4027-B597-0814B42823D7}.Debug|Any CPU.ActiveCfg = Debug|Any CPU
		{5DF28A0B-8A57-4027-B597-0814B42823D7}.Debug|Any CPU.Build.0 = Debug|Any CPU
		{5DF28A0B-8A57-4027-B597-0814B42823D7}.Release|Any CPU.ActiveCfg = Release|Any CPU
		{5DF28A0B-8A57-4027-B597-0814B42823D7}.Release|Any CPU.Build.0 = Release|Any CPU
		{C48999E0-4D94-43F2-B87D-88D4B71F52F8}.Debug|Any CPU.ActiveCfg = Debug|Any CPU
		{C48999E0-4D94-43F2-B87D-88D4B71F52F8}.Debug|Any CPU.Build.0 = Debug|Any CPU
		{C48999E0-4D94-43F2-B87D-88D4B71F52F8}.Release|Any CPU.ActiveCfg = Release|Any CPU
		{C48999E0-4D94-43F2-B87D-88D4B71F52F8}.Release|Any CPU.Build.0 = Release|Any CPU
		{EA35320F-DB1F-4B2F-BC56-2355F6927639}.Debug|Any CPU.ActiveCfg = Debug|Any CPU
		{EA35320F-DB1F-4B2F-BC56-2355F6927639}.Debug|Any CPU.Build.0 = Debug|Any CPU
		{EA35320F-DB1F-4B2F-BC56-2355F6927639}.Release|Any CPU.ActiveCfg = Release|Any CPU
		{EA35320F-DB1F-4B2F-BC56-2355F6927639}.Release|Any CPU.Build.0 = Release|Any CPU
		{8EEA1F6B-FE87-41F7-915F-1E49221948BD}.Debug|Any CPU.ActiveCfg = Debug|Any CPU
		{8EEA1F6B-FE87-41F7-915F-1E49221948BD}.Debug|Any CPU.Build.0 = Debug|Any CPU
		{8EEA1F6B-FE87-41F7-915F-1E49221948BD}.Release|Any CPU.ActiveCfg = Release|Any CPU
		{8EEA1F6B-FE87-41F7-915F-1E49221948BD}.Release|Any CPU.Build.0 = Release|Any CPU
	EndGlobalSection
	GlobalSection(SolutionProperties) = preSolution
		HideSolutionNode = FALSE
	EndGlobalSection
	GlobalSection(NestedProjects) = preSolution
		{4EC62B4E-6741-41CC-879F-08BBD4B41739} = {C093A777-E53C-4860-8F0C-5C899B801D1D}
		{CD188EC2-E164-46D3-9BC1-FB927C1D2FA1} = {C093A777-E53C-4860-8F0C-5C899B801D1D}
		{8B5F3F31-D308-4070-85F5-B1E214003F47} = {C093A777-E53C-4860-8F0C-5C899B801D1D}
		{79B8B98C-7D4F-41AE-A47C-55BC0F755AA0} = {0671547A-A799-4980-B236-4919C14F0979}
		{D307342F-A5FF-407A-A6BF-934929F76D57} = {6A4A7981-5B33-44E5-A2E9-B6399B951121}
		{4A780950-96FB-4766-89C1-F06272696AE2} = {6A4A7981-5B33-44E5-A2E9-B6399B951121}
		{747D2C58-D3C4-4389-B2C6-86791E0CABA9} = {6A4A7981-5B33-44E5-A2E9-B6399B951121}
		{C4851099-E634-4371-8FFE-BE945C0D7A7C} = {6A4A7981-5B33-44E5-A2E9-B6399B951121}
		{8DA4F9B5-AB73-4F1D-832C-E3F178601724} = {6A4A7981-5B33-44E5-A2E9-B6399B951121}
		{A9E310C9-5740-4E19-A8D8-14796898FA71} = {2A58A1DF-DF54-41F4-84DA-7F4467B49109}
		{15B17C6C-F25E-4BAD-9C27-5F5D5DDFE415} = {2A58A1DF-DF54-41F4-84DA-7F4467B49109}
		{4061C85A-A77D-44DD-9B97-BAFCD742FDC3} = {2A58A1DF-DF54-41F4-84DA-7F4467B49109}
		{5DF28A0B-8A57-4027-B597-0814B42823D7} = {275A9B44-0677-4B20-A3FB-2A511156AD48}
		{C48999E0-4D94-43F2-B87D-88D4B71F52F8} = {275A9B44-0677-4B20-A3FB-2A511156AD48}
		{EA35320F-DB1F-4B2F-BC56-2355F6927639} = {A2E276A7-5D1A-40A1-AB19-D929A7D2E7B1}
		{8EEA1F6B-FE87-41F7-915F-1E49221948BD} = {A2E276A7-5D1A-40A1-AB19-D929A7D2E7B1}
	EndGlobalSection
	GlobalSection(ExtensibilityGlobals) = postSolution
		SolutionGuid = {DF793A51-C238-47B2-81BA-538E0419D11E}
	EndGlobalSection
EndGlobal
